
Microsoft Visual Studio Solution File, Format Version 12.00
# Visual Studio 15
VisualStudioVersion = 15.0.28307.168
MinimumVisualStudioVersion = 10.0.40219.1
Project("{FAE04EC0-301F-11D3-BF4B-00C04F79EFBC}") = "AzureTests", "AzureTests\AzureTests.csproj", "{95B82F51-B106-4AEE-9894-88E50418B045}"
EndProject
Global
	GlobalSection(SolutionConfigurationPlatforms) = preSolution
		Debug|Any CPU = Debug|Any CPU
		Release|Any CPU = Release|Any CPU
	EndGlobalSection
	GlobalSection(ProjectConfigurationPlatforms) = postSolution
		{95B82F51-B106-4AEE-9894-88E50418B045}.Debug|Any CPU.ActiveCfg = Debug|Any CPU
		{95B82F51-B106-4AEE-9894-88E50418B045}.Debug|Any CPU.Build.0 = Debug|Any CPU
		{95B82F51-B106-4AEE-9894-88E50418B045}.Release|Any CPU.ActiveCfg = Release|Any CPU
		{95B82F51-B106-4AEE-9894-88E50418B045}.Release|Any CPU.Build.0 = Release|Any CPU
	EndGlobalSection
	GlobalSection(SolutionProperties) = preSolution
		HideSolutionNode = FALSE
	EndGlobalSection
	GlobalSection(ExtensibilityGlobals) = postSolution
		SolutionGuid = {B952CA51-B720-4940-A1DD-0725E563BADA}
	EndGlobalSection
EndGlobal
